<?xml version="1.0" encoding="utf-8"?>
<Project ToolsVersion="4.0" xmlns="http://schemas.microsoft.com/developer/msbuild/2003">
  <ItemGroup>
    <Filter Include="Source Files">
      <UniqueIdentifier>{4FC737F1-C7A5-4376-A066-2A32D752A2FF}</UniqueIdentifier>
      <Extensions>cpp;c;cc;cxx;def;odl;idl;hpj;bat;asm;asmx</Extensions>
    </Filter>
    <Filter Include="Header Files">
      <UniqueIdentifier>{93995380-89BD-4b04-88EB-625FBE52EBFB}</UniqueIdentifier>
      <Extensions>h;hh;hpp;hxx;hm;inl;inc;xsd</Extensions>
    </Filter>
    <Filter Include="Resource Files">
      <UniqueIdentifier>{67DA6AB6-F800-4c08-8B7A-83BB121AAD01}</UniqueIdentifier>
      <Extensions>rc;ico;cur;bmp;dlg;rc2;rct;bin;rgs;gif;jpg;jpeg;jpe;resx;tiff;tif;png;wav;mfcribbon-ms</Extensions>
    </Filter>
  </ItemGroup>
  <ItemGroup>
    <ClCompile Include="src\NifConverter.cpp">
      <Filter>Source Files</Filter>
    </ClCompile>
    <ClCompile Include="src\lib\material\BGEM.cpp">
      <Filter>Source Files</Filter>
    </ClCompile>
    <ClCompile Include="src\lib\material\BGSM.cpp">
      <Filter>Source Files</Filter>
    </ClCompile>
    <ClCompile Include="src\lib\material\MaterialFile.cpp">
      <Filter>Source Files</Filter>
    </ClCompile>
    <ClCompile Include="src\lib\nif\NiFile.cpp">
      <Filter>Source Files</Filter>
    </ClCompile>
    <ClCompile Include="src\lib\nif\NiReference.cpp">
      <Filter>Source Files</Filter>
    </ClCompile>
    <ClCompile Include="src\lib\nif\NiReferenceable.cpp">
      <Filter>Source Files</Filter>
    </ClCompile>
    <ClCompile Include="src\lib\nif\NiReferenceArray.cpp">
      <Filter>Source Files</Filter>
    </ClCompile>
    <ClCompile Include="src\lib\nif\objects.cpp">
      <Filter>Source Files</Filter>
    </ClCompile>
  </ItemGroup>
  <ItemGroup>
    <ClInclude Include="src\lib\half\half.hpp">
      <Filter>Header Files</Filter>
    </ClInclude>
    <ClInclude Include="src\lib\material\BGEM.h">
      <Filter>Header Files</Filter>
    </ClInclude>
    <ClInclude Include="src\lib\material\BGSM.h">
      <Filter>Header Files</Filter>
    </ClInclude>
    <ClInclude Include="src\lib\material\MaterialFile.h">
      <Filter>Header Files</Filter>
    </ClInclude>
    <ClInclude Include="src\lib\nif\nif_converter.h">
      <Filter>Header Files</Filter>
    </ClInclude>
    <ClInclude Include="src\lib\nif\NiFile.h">
      <Filter>Header Files</Filter>
    </ClInclude>
    <ClInclude Include="src\lib\nif\NiObjectFactory.h">
      <Filter>Header Files</Filter>
    </ClInclude>
    <ClInclude Include="src\lib\nif\NiReference.h">
      <Filter>Header Files</Filter>
    </ClInclude>
    <ClInclude Include="src\lib\nif\NiReferenceable.h">
      <Filter>Header Files</Filter>
    </ClInclude>
    <ClInclude Include="src\lib\nif\NiReferenceArray.h">
      <Filter>Header Files</Filter>
    </ClInclude>
    <ClInclude Include="src\lib\nif\NiReferenceInterface.h">
      <Filter>Header Files</Filter>
    </ClInclude>
    <ClInclude Include="src\lib\nif\objects.h">
      <Filter>Header Files</Filter>
    </ClInclude>
    <ClInclude Include="src\lib\nif\types.h">
      <Filter>Header Files</Filter>
    </ClInclude>
  </ItemGroup>
</Project>